
Microsoft Visual Studio Solution File, Format Version 12.00
# Visual Studio Version 17
VisualStudioVersion = 17.9.34616.47
MinimumVisualStudioVersion = 10.0.40219.1
Project("{2150E333-8FDC-42A3-9474-1A3956D46DE8}") = "FrontEnd", "FrontEnd", "{E982A2A3-161D-4044-8AC2-ED09BE455FED}"
EndProject
Project("{2150E333-8FDC-42A3-9474-1A3956D46DE8}") = "Gateway", "Gateway", "{A9966B78-B5D8-4184-8EE2-58BBCD5174B7}"
EndProject
Project("{2150E333-8FDC-42A3-9474-1A3956D46DE8}") = "Integration", "Integration", "{C76A9BB8-D0D2-4520-80A1-3FB016C675F7}"
EndProject
Project("{2150E333-8FDC-42A3-9474-1A3956D46DE8}") = "Services", "Services", "{FDDFE0B0-1816-4771-86C6-3A964891C29B}"
EndProject
Project("{9A19103F-16F7-4668-BE54-9A1E7A4F7556}") = "MS.Services.CouponAPI", "MS.Services.CouponAPI\MS.Services.CouponAPI.csproj", "{636D8EB3-B651-42D4-B4B9-733A4FC1D0EA}"
EndProject
Project("{9A19103F-16F7-4668-BE54-9A1E7A4F7556}") = "Ms.Web", "Ms.Web\Ms.Web.csproj", "{86847D23-E9DC-4AE8-A776-A30BBB366DB4}"
EndProject
Project("{9A19103F-16F7-4668-BE54-9A1E7A4F7556}") = "Ms.Services.AuthAPI", "Ms.Services.AuthAPI\Ms.Services.AuthAPI.csproj", "{CD851B49-44E6-48C1-A355-8757C2B413FF}"
EndProject
Project("{9A19103F-16F7-4668-BE54-9A1E7A4F7556}") = "Ms.Services.ProductAPI", "Ms.Services.ProductAPI\Ms.Services.ProductAPI.csproj", "{BCB41456-E059-4C19-9A8F-239B50E030E7}"
EndProject
Project("{9A19103F-16F7-4668-BE54-9A1E7A4F7556}") = "Ms.Services.ShoppingCartAPI", "Ms.Services.ShoppingCartAPI\Ms.Services.ShoppingCartAPI.csproj", "{52A34EF4-89BA-4185-9D7C-C959D49D5686}"
EndProject
Project("{FAE04EC0-301F-11D3-BF4B-00C04F79EFBC}") = "Ms.MessageBus", "Ms.MessageBus\Ms.MessageBus.csproj", "{4D474DB0-BC6E-46A8-AB34-7FCB3436AFB6}"
EndProject
Project("{FAE04EC0-301F-11D3-BF4B-00C04F79EFBC}") = "Ms.Services.EmailAPI", "Ms.Services.EmailAPI\Ms.Services.EmailAPI.csproj", "{FB31FFAA-D041-4CFC-9E81-42925ADC9B52}"
EndProject
Global
	GlobalSection(SolutionConfigurationPlatforms) = preSolution
		Debug|Any CPU = Debug|Any CPU
		Release|Any CPU = Release|Any CPU
	EndGlobalSection
	GlobalSection(ProjectConfigurationPlatforms) = postSolution
		{636D8EB3-B651-42D4-B4B9-733A4FC1D0EA}.Debug|Any CPU.ActiveCfg = Debug|Any CPU
		{636D8EB3-B651-42D4-B4B9-733A4FC1D0EA}.Debug|Any CPU.Build.0 = Debug|Any CPU
		{636D8EB3-B651-42D4-B4B9-733A4FC1D0EA}.Release|Any CPU.ActiveCfg = Release|Any CPU
		{636D8EB3-B651-42D4-B4B9-733A4FC1D0EA}.Release|Any CPU.Build.0 = Release|Any CPU
		{86847D23-E9DC-4AE8-A776-A30BBB366DB4}.Debug|Any CPU.ActiveCfg = Debug|Any CPU
		{86847D23-E9DC-4AE8-A776-A30BBB366DB4}.Debug|Any CPU.Build.0 = Debug|Any CPU
		{86847D23-E9DC-4AE8-A776-A30BBB366DB4}.Release|Any CPU.ActiveCfg = Release|Any CPU
		{86847D23-E9DC-4AE8-A776-A30BBB366DB4}.Release|Any CPU.Build.0 = Release|Any CPU
		{CD851B49-44E6-48C1-A355-8757C2B413FF}.Debug|Any CPU.ActiveCfg = Debug|Any CPU
		{CD851B49-44E6-48C1-A355-8757C2B413FF}.Debug|Any CPU.Build.0 = Debug|Any CPU
		{CD851B49-44E6-48C1-A355-8757C2B413FF}.Release|Any CPU.ActiveCfg = Release|Any CPU
		{CD851B49-44E6-48C1-A355-8757C2B413FF}.Release|Any CPU.Build.0 = Release|Any CPU
		{BCB41456-E059-4C19-9A8F-239B50E030E7}.Debug|Any CPU.ActiveCfg = Debug|Any CPU
		{BCB41456-E059-4C19-9A8F-239B50E030E7}.Debug|Any CPU.Build.0 = Debug|Any CPU
		{BCB41456-E059-4C19-9A8F-239B50E030E7}.Release|Any CPU.ActiveCfg = Release|Any CPU
		{BCB41456-E059-4C19-9A8F-239B50E030E7}.Release|Any CPU.Build.0 = Release|Any CPU
		{52A34EF4-89BA-4185-9D7C-C959D49D5686}.Debug|Any CPU.ActiveCfg = Debug|Any CPU
		{52A34EF4-89BA-4185-9D7C-C959D49D5686}.Debug|Any CPU.Build.0 = Debug|Any CPU
		{52A34EF4-89BA-4185-9D7C-C959D49D5686}.Release|Any CPU.ActiveCfg = Release|Any CPU
		{52A34EF4-89BA-4185-9D7C-C959D49D5686}.Release|Any CPU.Build.0 = Release|Any CPU
		{4D474DB0-BC6E-46A8-AB34-7FCB3436AFB6}.Debug|Any CPU.ActiveCfg = Debug|Any CPU
		{4D474DB0-BC6E-46A8-AB34-7FCB3436AFB6}.Debug|Any CPU.Build.0 = Debug|Any CPU
		{4D474DB0-BC6E-46A8-AB34-7FCB3436AFB6}.Release|Any CPU.ActiveCfg = Release|Any CPU
		{4D474DB0-BC6E-46A8-AB34-7FCB3436AFB6}.Release|Any CPU.Build.0 = Release|Any CPU
		{FB31FFAA-D041-4CFC-9E81-42925ADC9B52}.Debug|Any CPU.ActiveCfg = Debug|Any CPU
		{FB31FFAA-D041-4CFC-9E81-42925ADC9B52}.Debug|Any CPU.Build.0 = Debug|Any CPU
		{FB31FFAA-D041-4CFC-9E81-42925ADC9B52}.Release|Any CPU.ActiveCfg = Release|Any CPU
		{FB31FFAA-D041-4CFC-9E81-42925ADC9B52}.Release|Any CPU.Build.0 = Release|Any CPU
	EndGlobalSection
	GlobalSection(SolutionProperties) = preSolution
		HideSolutionNode = FALSE
	EndGlobalSection
	GlobalSection(NestedProjects) = preSolution
		{636D8EB3-B651-42D4-B4B9-733A4FC1D0EA} = {FDDFE0B0-1816-4771-86C6-3A964891C29B}
		{86847D23-E9DC-4AE8-A776-A30BBB366DB4} = {E982A2A3-161D-4044-8AC2-ED09BE455FED}
		{CD851B49-44E6-48C1-A355-8757C2B413FF} = {FDDFE0B0-1816-4771-86C6-3A964891C29B}
		{BCB41456-E059-4C19-9A8F-239B50E030E7} = {FDDFE0B0-1816-4771-86C6-3A964891C29B}
		{52A34EF4-89BA-4185-9D7C-C959D49D5686} = {FDDFE0B0-1816-4771-86C6-3A964891C29B}
		{4D474DB0-BC6E-46A8-AB34-7FCB3436AFB6} = {C76A9BB8-D0D2-4520-80A1-3FB016C675F7}
		{FB31FFAA-D041-4CFC-9E81-42925ADC9B52} = {FDDFE0B0-1816-4771-86C6-3A964891C29B}
	EndGlobalSection
	GlobalSection(ExtensibilityGlobals) = postSolution
		SolutionGuid = {6BA124C1-F8EF-4F87-8895-97B532C34BC3}
	EndGlobalSection
EndGlobal
